// !$*UTF8*$!
{
	archiveVersion = 1;
	classes = {
	};
	objectVersion = 77;
	objects = {

/* Begin PBXContainerItemProxy section */
		07CDFEA22ECC2C0600020A39 /* PBXContainerItemProxy */ = {
			isa = PBXContainerItemProxy;
			containerPortal = 07CDFE8C2ECC2C0400020A39 /* Project object */;
			proxyType = 1;
			remoteGlobalIDString = 07CDFE932ECC2C0400020A39;
			remoteInfo = pureum;
		};
		07CDFEAC2ECC2C0600020A39 /* PBXContainerItemProxy */ = {
			isa = PBXContainerItemProxy;
			containerPortal = 07CDFE8C2ECC2C0400020A39 /* Project object */;
			proxyType = 1;
			remoteGlobalIDString = 07CDFE932ECC2C0400020A39;
			remoteInfo = pureum;
		};
/* End PBXContainerItemProxy section */

/* Begin PBXFileReference section */
		07CDFE942ECC2C0400020A39 /* pureum.app */ = {isa = PBXFileReference; explicitFileType = wrapper.application; includeInIndex = 0; path = pureum.app; sourceTree = BUILT_PRODUCTS_DIR; };
		07CDFEA12ECC2C0600020A39 /* pureumTests.xctest */ = {isa = PBXFileReference; explicitFileType = wrapper.cfbundle; includeInIndex = 0; path = pureumTests.xctest; sourceTree = BUILT_PRODUCTS_DIR; };
		07CDFEAB2ECC2C0600020A39 /* pureumUITests.xctest */ = {isa = PBXFileReference; explicitFileType = wrapper.cfbundle; includeInIndex = 0; path = pureumUITests.xctest; sourceTree = BUILT_PRODUCTS_DIR; };
/* End PBXFileReference section */

/* Begin PBXFileSystemSynchronizedRootGroup section */
		07CDFE962ECC2C0400020A39 /* pureum */ = {
			isa = PBXFileSystemSynchronizedRootGroup;
			path = pureum;
			sourceTree = "<group>";
		};
		07CDFEA42ECC2C0600020A39 /* pureumTests */ = {
			isa = PBXFileSystemSynchronizedRootGroup;
			path = pureumTests;
			sourceTree = "<group>";
		};
		07CDFEAE2ECC2C0600020A39 /* pureumUITests */ = {
			isa = PBXFileSystemSynchronizedRootGroup;
			path = pureumUITests;
			sourceTree = "<group>";
		};
/* End PBXFileSystemSynchronizedRootGroup section */

/* Begin PBXFrameworksBuildPhase section */
		07CDFE912ECC2C0400020A39 /* Frameworks */ = {
			isa = PBXFrameworksBuildPhase;
			buildActionMask = 2147483647;
			files = (
			);
			runOnlyForDeploymentPostprocessing = 0;
		};
		07CDFE9E2ECC2C0600020A39 /* Frameworks */ = {
			isa = PBXFrameworksBuildPhase;
			buildActionMask = 2147483647;
			files = (
			);
			runOnlyForDeploymentPostprocessing = 0;
		};
		07CDFEA82ECC2C0600020A39 /* Frameworks */ = {
			isa = PBXFrameworksBuildPhase;
			buildActionMask = 2147483647;
			files = (
			);
			runOnlyForDeploymentPostprocessing = 0;
		};
/* End PBXFrameworksBuildPhase section */

/* Begin PBXGroup section */
		07CDFE8B2ECC2C0400020A39 = {
			isa = PBXGroup;
			children = (
				07CDFE962ECC2C0400020A39 /* pureum */,
				07CDFEA42ECC2C0600020A39 /* pureumTests */,
				07CDFEAE2ECC2C0600020A39 /* pureumUITests */,
				07CDFE952ECC2C0400020A39 /* Products */,
			);
			sourceTree = "<group>";
		};
		07CDFE952ECC2C0400020A39 /* Products */ = {
			isa = PBXGroup;
			children = (
				07CDFE942ECC2C0400020A39 /* pureum.app */,
				07CDFEA12ECC2C0600020A39 /* pureumTests.xctest */,
				07CDFEAB2ECC2C0600020A39 /* pureumUITests.xctest */,
			);
			name = Products;
			sourceTree = "<group>";
		};
/* End PBXGroup section */

/* Begin PBXNativeTarget section */
		07CDFE932ECC2C0400020A39 /* pureum */ = {
			isa = PBXNativeTarget;
			buildConfigurationList = 07CDFEB52ECC2C0600020A39 /* Build configuration list for PBXNativeTarget "pureum" */;
			buildPhases = (
				07CDFE902ECC2C0400020A39 /* Sources */,
				07CDFE912ECC2C0400020A39 /* Frameworks */,
				07CDFE922ECC2C0400020A39 /* Resources */,
			);
			buildRules = (
			);
			dependencies = (
			);
			fileSystemSynchronizedGroups = (
				07CDFE962ECC2C0400020A39 /* pureum */,
			);
			name = pureum;
			packageProductDependencies = (
			);
			productName = pureum;
			productReference = 07CDFE942ECC2C0400020A39 /* pureum.app */;
			productType = "com.apple.product-type.application";
		};
		07CDFEA02ECC2C0600020A39 /* pureumTests */ = {
			isa = PBXNativeTarget;
			buildConfigurationList = 07CDFEB82ECC2C0600020A39 /* Build configuration list for PBXNativeTarget "pureumTests" */;
			buildPhases = (
				07CDFE9D2ECC2C0600020A39 /* Sources */,
				07CDFE9E2ECC2C0600020A39 /* Frameworks */,
				07CDFE9F2ECC2C0600020A39 /* Resources */,
			);
			buildRules = (
			);
			dependencies = (
				07CDFEA32ECC2C0600020A39 /* PBXTargetDependency */,
			);
			fileSystemSynchronizedGroups = (
				07CDFEA42ECC2C0600020A39 /* pureumTests */,
			);
			name = pureumTests;
			packageProductDependencies = (
			);
			productName = pureumTests;
			productReference = 07CDFEA12ECC2C0600020A39 /* pureumTests.xctest */;
			productType = "com.apple.product-type.bundle.unit-test";
		};
		07CDFEAA2ECC2C0600020A39 /* pureumUITests */ = {
			isa = PBXNativeTarget;
			buildConfigurationList = 07CDFEBB2ECC2C0600020A39 /* Build configuration list for PBXNativeTarget "pureumUITests" */;
			buildPhases = (
				07CDFEA72ECC2C0600020A39 /* Sources */,
				07CDFEA82ECC2C0600020A39 /* Frameworks */,
				07CDFEA92ECC2C0600020A39 /* Resources */,
			);
			buildRules = (
			);
			dependencies = (
				07CDFEAD2ECC2C0600020A39 /* PBXTargetDependency */,
			);
			fileSystemSynchronizedGroups = (
				07CDFEAE2ECC2C0600020A39 /* pureumUITests */,
			);
			name = pureumUITests;
			packageProductDependencies = (
			);
			productName = pureumUITests;
			productReference = 07CDFEAB2ECC2C0600020A39 /* pureumUITests.xctest */;
			productType = "com.apple.product-type.bundle.ui-testing";
		};
/* End PBXNativeTarget section */

/* Begin PBXProject section */
		07CDFE8C2ECC2C0400020A39 /* Project object */ = {
			isa = PBXProject;
			attributes = {
				BuildIndependentTargetsInParallel = 1;
				LastSwiftUpdateCheck = 1630;
				LastUpgradeCheck = 1630;
				TargetAttributes = {
					07CDFE932ECC2C0400020A39 = {
						CreatedOnToolsVersion = 16.3;
					};
					07CDFEA02ECC2C0600020A39 = {
						CreatedOnToolsVersion = 16.3;
						TestTargetID = 07CDFE932ECC2C0400020A39;
					};
					07CDFEAA2ECC2C0600020A39 = {
						CreatedOnToolsVersion = 16.3;
						TestTargetID = 07CDFE932ECC2C0400020A39;
					};
				};
			};
			buildConfigurationList = 07CDFE8F2ECC2C0400020A39 /* Build configuration list for PBXProject "pureum" */;
			developmentRegion = en;
			hasScannedForEncodings = 0;
			knownRegions = (
				en,
				Base,
			);
			mainGroup = 07CDFE8B2ECC2C0400020A39;
			minimizedProjectReferenceProxies = 1;
			preferredProjectObjectVersion = 77;
			productRefGroup = 07CDFE952ECC2C0400020A39 /* Products */;
			projectDirPath = "";
			projectRoot = "";
			targets = (
				07CDFE932ECC2C0400020A39 /* pureum */,
				07CDFEA02ECC2C0600020A39 /* pureumTests */,
				07CDFEAA2ECC2C0600020A39 /* pureumUITests */,
			);
		};
/* End PBXProject section */

/* Begin PBXResourcesBuildPhase section */
		07CDFE922ECC2C0400020A39 /* Resources */ = {
			isa = PBXResourcesBuildPhase;
			buildActionMask = 2147483647;
			files = (
			);
			runOnlyForDeploymentPostprocessing = 0;
		};
		07CDFE9F2ECC2C0600020A39 /* Resources */ = {
			isa = PBXResourcesBuildPhase;
			buildActionMask = 2147483647;
			files = (
			);
			runOnlyForDeploymentPostprocessing = 0;
		};
		07CDFEA92ECC2C0600020A39 /* Resources */ = {
			isa = PBXResourcesBuildPhase;
			buildActionMask = 2147483647;
			files = (
			);
			runOnlyForDeploymentPostprocessing = 0;
		};
/* End PBXResourcesBuildPhase section */

/* Begin PBXSourcesBuildPhase section */
		07CDFE902ECC2C0400020A39 /* Sources */ = {
			isa = PBXSourcesBuildPhase;
			buildActionMask = 2147483647;
			files = (
			);
			runOnlyForDeploymentPostprocessing = 0;
		};
		07CDFE9D2ECC2C0600020A39 /* Sources */ = {
			isa = PBXSourcesBuildPhase;
			buildActionMask = 2147483647;
			files = (
			);
			runOnlyForDeploymentPostprocessing = 0;
		};
		07CDFEA72ECC2C0600020A39 /* Sources */ = {
			isa = PBXSourcesBuildPhase;
			buildActionMask = 2147483647;
			files = (
			);
			runOnlyForDeploymentPostprocessing = 0;
		};
/* End PBXSourcesBuildPhase section */

/* Begin PBXTargetDependency section */
		07CDFEA32ECC2C0600020A39 /* PBXTargetDependency */ = {
			isa = PBXTargetDependency;
			target = 07CDFE932ECC2C0400020A39 /* pureum */;
			targetProxy = 07CDFEA22ECC2C0600020A39 /* PBXContainerItemProxy */;
		};
		07CDFEAD2ECC2C0600020A39 /* PBXTargetDependency */ = {
			isa = PBXTargetDependency;
			target = 07CDFE932ECC2C0400020A39 /* pureum */;
			targetProxy = 07CDFEAC2ECC2C0600020A39 /* PBXContainerItemProxy */;
		};
/* End PBXTargetDependency section */

/* Begin XCBuildConfiguration section */
		07CDFEB32ECC2C0600020A39 /* Debug */ = {
			isa = XCBuildConfiguration;
			buildSettings = {
				ALWAYS_SEARCH_USER_PATHS = NO;
				ASSETCATALOG_COMPILER_GENERATE_SWIFT_ASSET_SYMBOL_EXTENSIONS = YES;
				CLANG_ANALYZER_NONNULL = YES;
				CLANG_ANALYZER_NUMBER_OBJECT_CONVERSION = YES_AGGRESSIVE;
				CLANG_CXX_LANGUAGE_STANDARD = "gnu++20";
				CLANG_ENABLE_MODULES = YES;
				CLANG_ENABLE_OBJC_ARC = YES;
				CLANG_ENABLE_OBJC_WEAK = YES;
				CLANG_WARN_BLOCK_CAPTURE_AUTORELEASING = YES;
				CLANG_WARN_BOOL_CONVERSION = YES;
				CLANG_WARN_COMMA = YES;
				CLANG_WARN_CONSTANT_CONVERSION = YES;
				CLANG_WARN_DEPRECATED_OBJC_IMPLEMENTATIONS = YES;
				CLANG_WARN_DIRECT_OBJC_ISA_USAGE = YES_ERROR;
				CLANG_WARN_DOCUMENTATION_COMMENTS = YES;
				CLANG_WARN_EMPTY_BODY = YES;
				CLANG_WARN_ENUM_CONVERSION = YES;
				CLANG_WARN_INFINITE_RECURSION = YES;
				CLANG_WARN_INT_CONVERSION = YES;
				CLANG_WARN_NON_LITERAL_NULL_CONVERSION = YES;
				CLANG_WARN_OBJC_IMPLICIT_RETAIN_SELF = YES;
				CLANG_WARN_OBJC_LITERAL_CONVERSION = YES;
				CLANG_WARN_OBJC_ROOT_CLASS = YES_ERROR;
				CLANG_WARN_QUOTED_INCLUDE_IN_FRAMEWORK_HEADER = YES;
				CLANG_WARN_RANGE_LOOP_ANALYSIS = YES;
				CLANG_WARN_STRICT_PROTOTYPES = YES;
				CLANG_WARN_SUSPICIOUS_MOVE = YES;
				CLANG_WARN_UNGUARDED_AVAILABILITY = YES_AGGRESSIVE;
				CLANG_WARN_UNREACHABLE_CODE = YES;
				CLANG_WARN__DUPLICATE_METHOD_MATCH = YES;
				COPY_PHASE_STRIP = NO;
				DEBUG_INFORMATION_FORMAT = dwarf;
				ENABLE_STRICT_OBJC_MSGSEND = YES;
				ENABLE_TESTABILITY = YES;
				ENABLE_USER_SCRIPT_SANDBOXING = YES;
				GCC_C_LANGUAGE_STANDARD = gnu17;
				GCC_DYNAMIC_NO_PIC = NO;
				GCC_NO_COMMON_BLOCKS = YES;
				GCC_OPTIMIZATION_LEVEL = 0;
				GCC_PREPROCESSOR_DEFINITIONS = (
					"DEBUG=1",
					"$(inherited)",
				);
				GCC_WARN_64_TO_32_BIT_CONVERSION = YES;
				GCC_WARN_ABOUT_RETURN_TYPE = YES_ERROR;
				GCC_WARN_UNDECLARED_SELECTOR = YES;
				GCC_WARN_UNINITIALIZED_AUTOS = YES_AGGRESSIVE;
				GCC_WARN_UNUSED_FUNCTION = YES;
				GCC_WARN_UNUSED_VARIABLE = YES;
				IPHONEOS_DEPLOYMENT_TARGET = 18.4;
				LOCALIZATION_PREFERS_STRING_CATALOGS = YES;
				MTL_ENABLE_DEBUG_INFO = INCLUDE_SOURCE;
				MTL_FAST_MATH = YES;
				ONLY_ACTIVE_ARCH = YES;
				SDKROOT = iphoneos;
				SWIFT_ACTIVE_COMPILATION_CONDITIONS = "DEBUG $(inherited)";
				SWIFT_OPTIMIZATION_LEVEL = "-Onone";
			};
			name = Debug;
		};
		07CDFEB42ECC2C0600020A39 /* Release */ = {
			isa = XCBuildConfiguration;
			buildSettings = {
				ALWAYS_SEARCH_USER_PATHS = NO;
				ASSETCATALOG_COMPILER_GENERATE_SWIFT_ASSET_SYMBOL_EXTENSIONS = YES;
				CLANG_ANALYZER_NONNULL = YES;
				CLANG_ANALYZER_NUMBER_OBJECT_CONVERSION = YES_AGGRESSIVE;
				CLANG_CXX_LANGUAGE_STANDARD = "gnu++20";
				CLANG_ENABLE_MODULES = YES;
				CLANG_ENABLE_OBJC_ARC = YES;
				CLANG_ENABLE_OBJC_WEAK = YES;
				CLANG_WARN_BLOCK_CAPTURE_AUTORELEASING = YES;
				CLANG_WARN_BOOL_CONVERSION = YES;
				CLANG_WARN_COMMA = YES;
				CLANG_WARN_CONSTANT_CONVERSION = YES;
				CLANG_WARN_DEPRECATED_OBJC_IMPLEMENTATIONS = YES;
				CLANG_WARN_DIRECT_OBJC_ISA_USAGE = YES_ERROR;
				CLANG_WARN_DOCUMENTATION_COMMENTS = YES;
				CLANG_WARN_EMPTY_BODY = YES;
				CLANG_WARN_ENUM_CONVERSION = YES;
				CLANG_WARN_INFINITE_RECURSION = YES;
				CLANG_WARN_INT_CONVERSION = YES;
				CLANG_WARN_NON_LITERAL_NULL_CONVERSION = YES;
				CLANG_WARN_OBJC_IMPLICIT_RETAIN_SELF = YES;
				CLANG_WARN_OBJC_LITERAL_CONVERSION = YES;
				CLANG_WARN_OBJC_ROOT_CLASS = YES_ERROR;
				CLANG_WARN_QUOTED_INCLUDE_IN_FRAMEWORK_HEADER = YES;
				CLANG_WARN_RANGE_LOOP_ANALYSIS = YES;
				CLANG_WARN_STRICT_PROTOTYPES = YES;
				CLANG_WARN_SUSPICIOUS_MOVE = YES;
				CLANG_WARN_UNGUARDED_AVAILABILITY = YES_AGGRESSIVE;
				CLANG_WARN_UNREACHABLE_CODE = YES;
				CLANG_WARN__DUPLICATE_METHOD_MATCH = YES;
				COPY_PHASE_STRIP = NO;
				DEBUG_INFORMATION_FORMAT = "dwarf-with-dsym";
				ENABLE_NS_ASSERTIONS = NO;
				ENABLE_STRICT_OBJC_MSGSEND = YES;
				ENABLE_USER_SCRIPT_SANDBOXING = YES;
				GCC_C_LANGUAGE_STANDARD = gnu17;
				GCC_NO_COMMON_BLOCKS = YES;
				GCC_WARN_64_TO_32_BIT_CONVERSION = YES;
				GCC_WARN_ABOUT_RETURN_TYPE = YES_ERROR;
				GCC_WARN_UNDECLARED_SELECTOR = YES;
				GCC_WARN_UNINITIALIZED_AUTOS = YES_AGGRESSIVE;
				GCC_WARN_UNUSED_FUNCTION = YES;
				GCC_WARN_UNUSED_VARIABLE = YES;
				IPHONEOS_DEPLOYMENT_TARGET = 18.4;
				LOCALIZATION_PREFERS_STRING_CATALOGS = YES;
				MTL_ENABLE_DEBUG_INFO = NO;
				MTL_FAST_MATH = YES;
				SDKROOT = iphoneos;
				SWIFT_COMPILATION_MODE = wholemodule;
				VALIDATE_PRODUCT = YES;
			};
			name = Release;
		};
		07CDFEB62ECC2C0600020A39 /* Debug */ = {
			isa = XCBuildConfiguration;
			buildSettings = {
				ASSETCATALOG_COMPILER_APPICON_NAME = AppIcon;
				ASSETCATALOG_COMPILER_GLOBAL_ACCENT_COLOR_NAME = AccentColor;
				CODE_SIGN_STYLE = Automatic;
				CURRENT_PROJECT_VERSION = 1;
				ENABLE_PREVIEWS = YES;
				GENERATE_INFOPLIST_FILE = YES;
				INFOPLIST_KEY_UIApplicationSceneManifest_Generation = YES;
				INFOPLIST_KEY_UIApplicationSupportsIndirectInputEvents = YES;
				INFOPLIST_KEY_UILaunchScreen_Generation = YES;
				INFOPLIST_KEY_UISupportedInterfaceOrientations_iPad = "UIInterfaceOrientationPortrait UIInterfaceOrientationPortraitUpsideDown UIInterfaceOrientationLandscapeLeft UIInterfaceOrientationLandscapeRight";
				INFOPLIST_KEY_UISupportedInterfaceOrientations_iPhone = "UIInterfaceOrientationPortrait UIInterfaceOrientationLandscapeLeft UIInterfaceOrientationLandscapeRight";
				LD_RUNPATH_SEARCH_PATHS = (
					"$(inherited)",
					"@executable_path/Frameworks",
				);
				MARKETING_VERSION = 1.0;
				PRODUCT_BUNDLE_IDENTIFIER = com.team2.pureum;
				PRODUCT_NAME = "$(TARGET_NAME)";
				SWIFT_EMIT_LOC_STRINGS = YES;
				SWIFT_VERSION = 5.0;
				TARGETED_DEVICE_FAMILY = "1,2";
			};
			name = Debug;
		};
		07CDFEB72ECC2C0600020A39 /* Release */ = {
			isa = XCBuildConfiguration;
			buildSettings = {
				ASSETCATALOG_COMPILER_APPICON_NAME = AppIcon;
				ASSETCATALOG_COMPILER_GLOBAL_ACCENT_COLOR_NAME = AccentColor;
				CODE_SIGN_STYLE = Automatic;
				CURRENT_PROJECT_VERSION = 1;
				ENABLE_PREVIEWS = YES;
				GENERATE_INFOPLIST_FILE = YES;
				INFOPLIST_KEY_UIApplicationSceneManifest_Generation = YES;
				INFOPLIST_KEY_UIApplicationSupportsIndirectInputEvents = YES;
				INFOPLIST_KEY_UILaunchScreen_Generation = YES;
				INFOPLIST_KEY_UISupportedInterfaceOrientations_iPad = "UIInterfaceOrientationPortrait UIInterfaceOrientationPortraitUpsideDown UIInterfaceOrientationLandscapeLeft UIInterfaceOrientationLandscapeRight";
				INFOPLIST_KEY_UISupportedInterfaceOrientations_iPhone = "UIInterfaceOrientationPortrait UIInterfaceOrientationLandscapeLeft UIInterfaceOrientationLandscapeRight";
				LD_RUNPATH_SEARCH_PATHS = (
					"$(inherited)",
					"@executable_path/Frameworks",
				);
				MARKETING_VERSION = 1.0;
				PRODUCT_BUNDLE_IDENTIFIER = com.team2.pureum;
				PRODUCT_NAME = "$(TARGET_NAME)";
				SWIFT_EMIT_LOC_STRINGS = YES;
				SWIFT_VERSION = 5.0;
				TARGETED_DEVICE_FAMILY = "1,2";
			};
			name = Release;
		};
		07CDFEB92ECC2C0600020A39 /* Debug */ = {
			isa = XCBuildConfiguration;
			buildSettings = {
				BUNDLE_LOADER = "$(TEST_HOST)";
				CODE_SIGN_STYLE = Automatic;
				CURRENT_PROJECT_VERSION = 1;
				GENERATE_INFOPLIST_FILE = YES;
				IPHONEOS_DEPLOYMENT_TARGET = 18.4;
				MARKETING_VERSION = 1.0;
				PRODUCT_BUNDLE_IDENTIFIER = com.team2.pureumTests;
				PRODUCT_NAME = "$(TARGET_NAME)";
				SWIFT_EMIT_LOC_STRINGS = NO;
				SWIFT_VERSION = 5.0;
				TARGETED_DEVICE_FAMILY = "1,2";
				TEST_HOST = "$(BUILT_PRODUCTS_DIR)/pureum.app/$(BUNDLE_EXECUTABLE_FOLDER_PATH)/pureum";
			};
			name = Debug;
		};
		07CDFEBA2ECC2C0600020A39 /* Release */ = {
			isa = XCBuildConfiguration;
			buildSettings = {
				BUNDLE_LOADER = "$(TEST_HOST)";
				CODE_SIGN_STYLE = Automatic;
				CURRENT_PROJECT_VERSION = 1;
				GENERATE_INFOPLIST_FILE = YES;
				IPHONEOS_DEPLOYMENT_TARGET = 18.4;
				MARKETING_VERSION = 1.0;
				PRODUCT_BUNDLE_IDENTIFIER = com.team2.pureumTests;
				PRODUCT_NAME = "$(TARGET_NAME)";
				SWIFT_EMIT_LOC_STRINGS = NO;
				SWIFT_VERSION = 5.0;
				TARGETED_DEVICE_FAMILY = "1,2";
				TEST_HOST = "$(BUILT_PRODUCTS_DIR)/pureum.app/$(BUNDLE_EXECUTABLE_FOLDER_PATH)/pureum";
			};
			name = Release;
		};
		07CDFEBC2ECC2C0600020A39 /* Debug */ = {
			isa = XCBuildConfiguration;
			buildSettings = {
				CODE_SIGN_STYLE = Automatic;
				CURRENT_PROJECT_VERSION = 1;
				GENERATE_INFOPLIST_FILE = YES;
				MARKETING_VERSION = 1.0;
				PRODUCT_BUNDLE_IDENTIFIER = com.team2.pureumUITests;
				PRODUCT_NAME = "$(TARGET_NAME)";
				SWIFT_EMIT_LOC_STRINGS = NO;
				SWIFT_VERSION = 5.0;
				TARGETED_DEVICE_FAMILY = "1,2";
				TEST_TARGET_NAME = pureum;
			};
			name = Debug;
		};
		07CDFEBD2ECC2C0600020A39 /* Release */ = {
			isa = XCBuildConfiguration;
			buildSettings = {
				CODE_SIGN_STYLE = Automatic;
				CURRENT_PROJECT_VERSION = 1;
				GENERATE_INFOPLIST_FILE = YES;
				MARKETING_VERSION = 1.0;
				PRODUCT_BUNDLE_IDENTIFIER = com.team2.pureumUITests;
				PRODUCT_NAME = "$(TARGET_NAME)";
				SWIFT_EMIT_LOC_STRINGS = NO;
				SWIFT_VERSION = 5.0;
				TARGETED_DEVICE_FAMILY = "1,2";
				TEST_TARGET_NAME = pureum;
			};
			name = Release;
		};
/* End XCBuildConfiguration section */

/* Begin XCConfigurationList section */
		07CDFE8F2ECC2C0400020A39 /* Build configuration list for PBXProject "pureum" */ = {
			isa = XCConfigurationList;
			buildConfigurations = (
				07CDFEB32ECC2C0600020A39 /* Debug */,
				07CDFEB42ECC2C0600020A39 /* Release */,
			);
			defaultConfigurationIsVisible = 0;
			defaultConfigurationName = Release;
		};
		07CDFEB52ECC2C0600020A39 /* Build configuration list for PBXNativeTarget "pureum" */ = {
			isa = XCConfigurationList;
			buildConfigurations = (
				07CDFEB62ECC2C0600020A39 /* Debug */,
				07CDFEB72ECC2C0600020A39 /* Release */,
			);
			defaultConfigurationIsVisible = 0;
			defaultConfigurationName = Release;
		};
		07CDFEB82ECC2C0600020A39 /* Build configuration list for PBXNativeTarget "pureumTests" */ = {
			isa = XCConfigurationList;
			buildConfigurations = (
				07CDFEB92ECC2C0600020A39 /* Debug */,
				07CDFEBA2ECC2C0600020A39 /* Release */,
			);
			defaultConfigurationIsVisible = 0;
			defaultConfigurationName = Release;
		};
		07CDFEBB2ECC2C0600020A39 /* Build configuration list for PBXNativeTarget "pureumUITests" */ = {
			isa = XCConfigurationList;
			buildConfigurations = (
				07CDFEBC2ECC2C0600020A39 /* Debug */,
				07CDFEBD2ECC2C0600020A39 /* Release */,
			);
			defaultConfigurationIsVisible = 0;
			defaultConfigurationName = Release;
		};
/* End XCConfigurationList section */
	};
	rootObject = 07CDFE8C2ECC2C0400020A39 /* Project object */;
}
